{
  "name": "express-fix-routes-js",
  "version": "1.5.11",
  "lockfileVersion": 3,
  "requires": true,
  "packages": {
    "": {
      "name": "express-fix-routes-js",
      "version": "1.5.11",
      "dependencies": {
        "express-fix-any-js": "^1.7.7"
      },
      "bin": {
        "express-fix-endpoints-get-js": "bin/cli.js"
      }
    },
    "node_modules/express-check-any-for-import": {
      "version": "1.4.6",
      "resolved": "https://registry.npmjs.org/express-check-any-for-import/-/express-check-any-for-import-1.4.6.tgz",
      "integrity": "sha512-+CNuG52HYG83vrwTZz4E7xK3B7Gb5ZFPHVnznzCUAOgO4S+MWCHtV/+pJw/jvb/XnD0k/nZP30HSEOn3JLYt5w==",
      "bin": {
        "express-check-any-for-import": "bin/cli.js"
      }
    },
    "node_modules/express-fix-any-js": {
      "version": "1.7.7",
      "resolved": "https://registry.npmjs.org/express-fix-any-js/-/express-fix-any-js-1.7.7.tgz",
      "integrity": "sha512-evGKLmx/wy0sFjoqE5zMWKId2TQ0fRGMQ0OZ2XlTzE49K9jSsm2qcHshVK/tT33XrRWDvALpBrZ7yuGufWzvbg==",
      "dependencies": {
        "express-check-any-for-import": "^1.4.6"
      },
      "bin": {
        "express-fix-any-js": "bin/cli.js"
      }
    },
    "node_modules/ks1/express-check-any-for-import": {
      "extraneous": true
    }
  }
}
