{
  "name": "ui-fix-add-listeners-js",
  "version": "1.3.4",
  "lockfileVersion": 3,
  "requires": true,
  "packages": {
    "": {
      "name": "ui-fix-add-listeners-js",
      "version": "1.3.4",
      "dependencies": {
        "express-fix-any-js": "^1.8.4"
      },
      "bin": {
        "ui-fix-add-listeners-js": "bin/cli.js"
      }
    },
    "../express-fix-any-js": {
      "version": "1.8.4",
      "dependencies": {
        "express-check-any-for-import": "^1.4.7"
      },
      "bin": {
        "express-fix-any-js": "bin/cli.js"
      }
    },
    "node_modules/express-fix-any-js": {
      "resolved": "../express-fix-any-js",
      "link": true
    },
    "node_modules/ks1/express-check-any-for-import": {
      "extraneous": true
    }
  }
}
